
Microsoft Visual Studio Solution File, Format Version 12.00
# Visual Studio Version 17
VisualStudioVersion = 17.1.32328.378
MinimumVisualStudioVersion = 10.0.40219.1
Project("{9A19103F-16F7-4668-BE54-9A1E7A4F7556}") = "SalarySystem.WebService", "SalarySystem.WebService.prj\SalarySystem.WebService.csproj", "{63087C55-BF88-42F9-A454-89699F342C98}"
EndProject
Project("{FAE04EC0-301F-11D3-BF4B-00C04F79EFBC}") = "SalarySystem.BL", "SalarySystem.BL\SalarySystem.BL.csproj", "{64BF46E9-383D-4C9D-80E9-60748CF283E0}"
EndProject
Project("{FAE04EC0-301F-11D3-BF4B-00C04F79EFBC}") = "SalarySysten.BL.Tests", "Tests\Auto\SalarySysten.BL.Tests\SalarySysten.BL.Tests.csproj", "{A6D241C7-A46D-4AD6-917C-E68FD7D2B3B1}"
EndProject
Global
	GlobalSection(SolutionConfigurationPlatforms) = preSolution
		Debug|Any CPU = Debug|Any CPU
		Release|Any CPU = Release|Any CPU
	EndGlobalSection
	GlobalSection(ProjectConfigurationPlatforms) = postSolution
		{63087C55-BF88-42F9-A454-89699F342C98}.Debug|Any CPU.ActiveCfg = Debug|Any CPU
		{63087C55-BF88-42F9-A454-89699F342C98}.Debug|Any CPU.Build.0 = Debug|Any CPU
		{63087C55-BF88-42F9-A454-89699F342C98}.Release|Any CPU.ActiveCfg = Release|Any CPU
		{63087C55-BF88-42F9-A454-89699F342C98}.Release|Any CPU.Build.0 = Release|Any CPU
		{64BF46E9-383D-4C9D-80E9-60748CF283E0}.Debug|Any CPU.ActiveCfg = Debug|Any CPU
		{64BF46E9-383D-4C9D-80E9-60748CF283E0}.Debug|Any CPU.Build.0 = Debug|Any CPU
		{64BF46E9-383D-4C9D-80E9-60748CF283E0}.Release|Any CPU.ActiveCfg = Release|Any CPU
		{64BF46E9-383D-4C9D-80E9-60748CF283E0}.Release|Any CPU.Build.0 = Release|Any CPU
		{A6D241C7-A46D-4AD6-917C-E68FD7D2B3B1}.Debug|Any CPU.ActiveCfg = Debug|Any CPU
		{A6D241C7-A46D-4AD6-917C-E68FD7D2B3B1}.Debug|Any CPU.Build.0 = Debug|Any CPU
		{A6D241C7-A46D-4AD6-917C-E68FD7D2B3B1}.Release|Any CPU.ActiveCfg = Release|Any CPU
		{A6D241C7-A46D-4AD6-917C-E68FD7D2B3B1}.Release|Any CPU.Build.0 = Release|Any CPU
	EndGlobalSection
	GlobalSection(SolutionProperties) = preSolution
		HideSolutionNode = FALSE
	EndGlobalSection
	GlobalSection(ExtensibilityGlobals) = postSolution
		SolutionGuid = {7BE40F1D-A2D2-4A2D-88EC-1DABA69B3C0E}
	EndGlobalSection
EndGlobal
